
Microsoft Visual Studio Solution File, Format Version 12.00
# Visual Studio 15
VisualStudioVersion = 15.0.28307.136
MinimumVisualStudioVersion = 10.0.40219.1
Project("{FAE04EC0-301F-11D3-BF4B-00C04F79EFBC}") = "TechnicalInterviewQuestionSolutions", "TechnicalInterviewQuestionSolutions\TechnicalInterviewQuestionSolutions.csproj", "{EF4649DB-AC38-4D6B-8D05-51415B88A97A}"
EndProject
Global
	GlobalSection(SolutionConfigurationPlatforms) = preSolution
		Debug|Any CPU = Debug|Any CPU
		Release|Any CPU = Release|Any CPU
	EndGlobalSection
	GlobalSection(ProjectConfigurationPlatforms) = postSolution
		{EF4649DB-AC38-4D6B-8D05-51415B88A97A}.Debug|Any CPU.ActiveCfg = Debug|Any CPU
		{EF4649DB-AC38-4D6B-8D05-51415B88A97A}.Debug|Any CPU.Build.0 = Debug|Any CPU
		{EF4649DB-AC38-4D6B-8D05-51415B88A97A}.Release|Any CPU.ActiveCfg = Release|Any CPU
		{EF4649DB-AC38-4D6B-8D05-51415B88A97A}.Release|Any CPU.Build.0 = Release|Any CPU
	EndGlobalSection
	GlobalSection(SolutionProperties) = preSolution
		HideSolutionNode = FALSE
	EndGlobalSection
	GlobalSection(ExtensibilityGlobals) = postSolution
		SolutionGuid = {9BF3C1A2-55C7-4BFB-8422-F217085D3104}
	EndGlobalSection
EndGlobal
