
Microsoft Visual Studio Solution File, Format Version 12.00
# Visual Studio 15
VisualStudioVersion = 15.0.28010.2046
MinimumVisualStudioVersion = 10.0.40219.1
Project("{FAE04EC0-301F-11D3-BF4B-00C04F79EFBC}") = "ExerciseBooleanWhile", "ExerciseBooleanWhile\ExerciseBooleanWhile.csproj", "{BE3F4079-F924-44F1-A86A-DB53388D0A7C}"
EndProject
Global
	GlobalSection(SolutionConfigurationPlatforms) = preSolution
		Debug|Any CPU = Debug|Any CPU
		Release|Any CPU = Release|Any CPU
	EndGlobalSection
	GlobalSection(ProjectConfigurationPlatforms) = postSolution
		{BE3F4079-F924-44F1-A86A-DB53388D0A7C}.Debug|Any CPU.ActiveCfg = Debug|Any CPU
		{BE3F4079-F924-44F1-A86A-DB53388D0A7C}.Debug|Any CPU.Build.0 = Debug|Any CPU
		{BE3F4079-F924-44F1-A86A-DB53388D0A7C}.Release|Any CPU.ActiveCfg = Release|Any CPU
		{BE3F4079-F924-44F1-A86A-DB53388D0A7C}.Release|Any CPU.Build.0 = Release|Any CPU
	EndGlobalSection
	GlobalSection(SolutionProperties) = preSolution
		HideSolutionNode = FALSE
	EndGlobalSection
	GlobalSection(ExtensibilityGlobals) = postSolution
		SolutionGuid = {B80D12EF-3CF5-411B-A9F5-D2B942CA30B5}
	EndGlobalSection
EndGlobal
