
Microsoft Visual Studio Solution File, Format Version 12.00
# Visual Studio 15
VisualStudioVersion = 15.0.28010.2046
MinimumVisualStudioVersion = 10.0.40219.1
Project("{FAE04EC0-301F-11D3-BF4B-00C04F79EFBC}") = "ExerciseAbstractClasses", "ExerciseAbstractClasses\ExerciseAbstractClasses.csproj", "{ABD0939D-DCC5-4427-9CD1-CF813253141E}"
EndProject
Global
	GlobalSection(SolutionConfigurationPlatforms) = preSolution
		Debug|Any CPU = Debug|Any CPU
		Release|Any CPU = Release|Any CPU
	EndGlobalSection
	GlobalSection(ProjectConfigurationPlatforms) = postSolution
		{ABD0939D-DCC5-4427-9CD1-CF813253141E}.Debug|Any CPU.ActiveCfg = Debug|Any CPU
		{ABD0939D-DCC5-4427-9CD1-CF813253141E}.Debug|Any CPU.Build.0 = Debug|Any CPU
		{ABD0939D-DCC5-4427-9CD1-CF813253141E}.Release|Any CPU.ActiveCfg = Release|Any CPU
		{ABD0939D-DCC5-4427-9CD1-CF813253141E}.Release|Any CPU.Build.0 = Release|Any CPU
	EndGlobalSection
	GlobalSection(SolutionProperties) = preSolution
		HideSolutionNode = FALSE
	EndGlobalSection
	GlobalSection(ExtensibilityGlobals) = postSolution
		SolutionGuid = {CBE6FA44-B6F1-4F46-9FFE-C2DD5EB10393}
	EndGlobalSection
EndGlobal
