
Microsoft Visual Studio Solution File, Format Version 12.00
# Visual Studio 15
VisualStudioVersion = 15.0.28010.2046
MinimumVisualStudioVersion = 10.0.40219.1
Project("{FAE04EC0-301F-11D3-BF4B-00C04F79EFBC}") = "ExceptionHandling", "ExceptionHandling\ExceptionHandling.csproj", "{2BF5F277-6467-44B5-8983-4F243A32E010}"
EndProject
Global
	GlobalSection(SolutionConfigurationPlatforms) = preSolution
		Debug|Any CPU = Debug|Any CPU
		Release|Any CPU = Release|Any CPU
	EndGlobalSection
	GlobalSection(ProjectConfigurationPlatforms) = postSolution
		{2BF5F277-6467-44B5-8983-4F243A32E010}.Debug|Any CPU.ActiveCfg = Debug|Any CPU
		{2BF5F277-6467-44B5-8983-4F243A32E010}.Debug|Any CPU.Build.0 = Debug|Any CPU
		{2BF5F277-6467-44B5-8983-4F243A32E010}.Release|Any CPU.ActiveCfg = Release|Any CPU
		{2BF5F277-6467-44B5-8983-4F243A32E010}.Release|Any CPU.Build.0 = Release|Any CPU
	EndGlobalSection
	GlobalSection(SolutionProperties) = preSolution
		HideSolutionNode = FALSE
	EndGlobalSection
	GlobalSection(ExtensibilityGlobals) = postSolution
		SolutionGuid = {D85B146A-FC46-4045-A437-387C18DAB636}
	EndGlobalSection
EndGlobal
