
Microsoft Visual Studio Solution File, Format Version 12.00
# Visual Studio 15
VisualStudioVersion = 15.0.28010.2046
MinimumVisualStudioVersion = 10.0.40219.1
Project("{FAE04EC0-301F-11D3-BF4B-00C04F79EFBC}") = "ExerciseExceptionHandling2", "ExerciseExceptionHandling2\ExerciseExceptionHandling2.csproj", "{83F3DD58-B9C5-419F-975E-D1A294D3BAC6}"
EndProject
Global
	GlobalSection(SolutionConfigurationPlatforms) = preSolution
		Debug|Any CPU = Debug|Any CPU
		Release|Any CPU = Release|Any CPU
	EndGlobalSection
	GlobalSection(ProjectConfigurationPlatforms) = postSolution
		{83F3DD58-B9C5-419F-975E-D1A294D3BAC6}.Debug|Any CPU.ActiveCfg = Debug|Any CPU
		{83F3DD58-B9C5-419F-975E-D1A294D3BAC6}.Debug|Any CPU.Build.0 = Debug|Any CPU
		{83F3DD58-B9C5-419F-975E-D1A294D3BAC6}.Release|Any CPU.ActiveCfg = Release|Any CPU
		{83F3DD58-B9C5-419F-975E-D1A294D3BAC6}.Release|Any CPU.Build.0 = Release|Any CPU
	EndGlobalSection
	GlobalSection(SolutionProperties) = preSolution
		HideSolutionNode = FALSE
	EndGlobalSection
	GlobalSection(ExtensibilityGlobals) = postSolution
		SolutionGuid = {20149F7F-ABAC-46C4-8762-D822A075539B}
	EndGlobalSection
EndGlobal
