
Microsoft Visual Studio Solution File, Format Version 12.00
# Visual Studio 15
VisualStudioVersion = 15.0.28010.2046
MinimumVisualStudioVersion = 10.0.40219.1
Project("{FAE04EC0-301F-11D3-BF4B-00C04F79EFBC}") = "WebApplication1", "WebApplication1\WebApplication1.csproj", "{39BBBFC4-247A-4651-81CB-3A465AEEB510}"
EndProject
Global
	GlobalSection(SolutionConfigurationPlatforms) = preSolution
		Debug|Any CPU = Debug|Any CPU
		Release|Any CPU = Release|Any CPU
	EndGlobalSection
	GlobalSection(ProjectConfigurationPlatforms) = postSolution
		{39BBBFC4-247A-4651-81CB-3A465AEEB510}.Debug|Any CPU.ActiveCfg = Debug|Any CPU
		{39BBBFC4-247A-4651-81CB-3A465AEEB510}.Debug|Any CPU.Build.0 = Debug|Any CPU
		{39BBBFC4-247A-4651-81CB-3A465AEEB510}.Release|Any CPU.ActiveCfg = Release|Any CPU
		{39BBBFC4-247A-4651-81CB-3A465AEEB510}.Release|Any CPU.Build.0 = Release|Any CPU
	EndGlobalSection
	GlobalSection(SolutionProperties) = preSolution
		HideSolutionNode = FALSE
	EndGlobalSection
	GlobalSection(ExtensibilityGlobals) = postSolution
		SolutionGuid = {A5F80519-F366-4609-BAC2-29F5CCA9EEDF}
	EndGlobalSection
EndGlobal
