
Microsoft Visual Studio Solution File, Format Version 12.00
# Visual Studio 15
VisualStudioVersion = 15.0.28010.2046
MinimumVisualStudioVersion = 10.0.40219.1
Project("{FAE04EC0-301F-11D3-BF4B-00C04F79EFBC}") = "ExerciseVariablesAndDataTypes", "ExerciseVariablesAndDataTypes\ExerciseVariablesAndDataTypes.csproj", "{775058E7-6060-4504-95E8-C1430F926708}"
EndProject
Global
	GlobalSection(SolutionConfigurationPlatforms) = preSolution
		Debug|Any CPU = Debug|Any CPU
		Release|Any CPU = Release|Any CPU
	EndGlobalSection
	GlobalSection(ProjectConfigurationPlatforms) = postSolution
		{775058E7-6060-4504-95E8-C1430F926708}.Debug|Any CPU.ActiveCfg = Debug|Any CPU
		{775058E7-6060-4504-95E8-C1430F926708}.Debug|Any CPU.Build.0 = Debug|Any CPU
		{775058E7-6060-4504-95E8-C1430F926708}.Release|Any CPU.ActiveCfg = Release|Any CPU
		{775058E7-6060-4504-95E8-C1430F926708}.Release|Any CPU.Build.0 = Release|Any CPU
	EndGlobalSection
	GlobalSection(SolutionProperties) = preSolution
		HideSolutionNode = FALSE
	EndGlobalSection
	GlobalSection(ExtensibilityGlobals) = postSolution
		SolutionGuid = {10EDAD61-A60A-45F1-A83C-30B007377485}
	EndGlobalSection
EndGlobal
