
Microsoft Visual Studio Solution File, Format Version 12.00
# Visual Studio 15
VisualStudioVersion = 15.0.28010.2046
MinimumVisualStudioVersion = 10.0.40219.1
Project("{FAE04EC0-301F-11D3-BF4B-00C04F79EFBC}") = "ExerciseConstantsAndChainedConstructors", "ExerciseConstantsAndChainedConstructors\ExerciseConstantsAndChainedConstructors.csproj", "{7C4FA62A-001F-43B1-AFF6-EBC84153A6B5}"
EndProject
Global
	GlobalSection(SolutionConfigurationPlatforms) = preSolution
		Debug|Any CPU = Debug|Any CPU
		Release|Any CPU = Release|Any CPU
	EndGlobalSection
	GlobalSection(ProjectConfigurationPlatforms) = postSolution
		{7C4FA62A-001F-43B1-AFF6-EBC84153A6B5}.Debug|Any CPU.ActiveCfg = Debug|Any CPU
		{7C4FA62A-001F-43B1-AFF6-EBC84153A6B5}.Debug|Any CPU.Build.0 = Debug|Any CPU
		{7C4FA62A-001F-43B1-AFF6-EBC84153A6B5}.Release|Any CPU.ActiveCfg = Release|Any CPU
		{7C4FA62A-001F-43B1-AFF6-EBC84153A6B5}.Release|Any CPU.Build.0 = Release|Any CPU
	EndGlobalSection
	GlobalSection(SolutionProperties) = preSolution
		HideSolutionNode = FALSE
	EndGlobalSection
	GlobalSection(ExtensibilityGlobals) = postSolution
		SolutionGuid = {E5444A51-60CD-47D2-9CBD-945DF1DCC5B3}
	EndGlobalSection
EndGlobal
